
Microsoft Visual Studio Solution File, Format Version 12.00
# Visual Studio Version 16
VisualStudioVersion = 16.0.29123.88
MinimumVisualStudioVersion = 10.0.40219.1
Project("{FAE04EC0-301F-11D3-BF4B-00C04F79EFBC}") = "Git-Test", "Git-Test.csproj", "{23E06546-DF17-4F92-A1E6-A476BF534F12}"
EndProject
Global
	GlobalSection(SolutionConfigurationPlatforms) = preSolution
		Debug|Any CPU = Debug|Any CPU
		Release|Any CPU = Release|Any CPU
	EndGlobalSection
	GlobalSection(ProjectConfigurationPlatforms) = postSolution
		{23E06546-DF17-4F92-A1E6-A476BF534F12}.Debug|Any CPU.ActiveCfg = Debug|Any CPU
		{23E06546-DF17-4F92-A1E6-A476BF534F12}.Debug|Any CPU.Build.0 = Debug|Any CPU
		{23E06546-DF17-4F92-A1E6-A476BF534F12}.Release|Any CPU.ActiveCfg = Release|Any CPU
		{23E06546-DF17-4F92-A1E6-A476BF534F12}.Release|Any CPU.Build.0 = Release|Any CPU
	EndGlobalSection
	GlobalSection(SolutionProperties) = preSolution
		HideSolutionNode = FALSE
	EndGlobalSection
	GlobalSection(ExtensibilityGlobals) = postSolution
		SolutionGuid = {9B035C91-E273-4366-BB17-2792810A4D85}
	EndGlobalSection
EndGlobal
